
Microsoft Visual Studio Solution File, Format Version 12.00
# Visual Studio Version 17
VisualStudioVersion = 17.1.32319.34
MinimumVisualStudioVersion = 10.0.40219.1
Project("{FAE04EC0-301F-11D3-BF4B-00C04F79EFBC}") = "Palidromy", "Palidromy\Palidromy.csproj", "{9C42146A-3422-4E1E-8F5B-BC7740569082}"
EndProject
Global
	GlobalSection(SolutionConfigurationPlatforms) = preSolution
		Debug|Any CPU = Debug|Any CPU
		Release|Any CPU = Release|Any CPU
	EndGlobalSection
	GlobalSection(ProjectConfigurationPlatforms) = postSolution
		{9C42146A-3422-4E1E-8F5B-BC7740569082}.Debug|Any CPU.ActiveCfg = Debug|Any CPU
		{9C42146A-3422-4E1E-8F5B-BC7740569082}.Debug|Any CPU.Build.0 = Debug|Any CPU
		{9C42146A-3422-4E1E-8F5B-BC7740569082}.Release|Any CPU.ActiveCfg = Release|Any CPU
		{9C42146A-3422-4E1E-8F5B-BC7740569082}.Release|Any CPU.Build.0 = Release|Any CPU
	EndGlobalSection
	GlobalSection(SolutionProperties) = preSolution
		HideSolutionNode = FALSE
	EndGlobalSection
	GlobalSection(ExtensibilityGlobals) = postSolution
		SolutionGuid = {F4B4B851-A0F6-4228-B1D4-FDE00D59892C}
	EndGlobalSection
EndGlobal
